
Microsoft Visual Studio Solution File, Format Version 12.00
# Visual Studio Version 16
VisualStudioVersion = 16.0.32929.386
MinimumVisualStudioVersion = 10.0.40219.1
Project("{FAE04EC0-301F-11D3-BF4B-00C04F79EFBC}") = "Aufgabe_5", "Aufgabe_5\Aufgabe_5.csproj", "{61119208-E785-4860-88EB-CA3161C05CC6}"
EndProject
Global
	GlobalSection(SolutionConfigurationPlatforms) = preSolution
		Debug|Any CPU = Debug|Any CPU
		Release|Any CPU = Release|Any CPU
	EndGlobalSection
	GlobalSection(ProjectConfigurationPlatforms) = postSolution
		{61119208-E785-4860-88EB-CA3161C05CC6}.Debug|Any CPU.ActiveCfg = Debug|Any CPU
		{61119208-E785-4860-88EB-CA3161C05CC6}.Debug|Any CPU.Build.0 = Debug|Any CPU
		{61119208-E785-4860-88EB-CA3161C05CC6}.Release|Any CPU.ActiveCfg = Release|Any CPU
		{61119208-E785-4860-88EB-CA3161C05CC6}.Release|Any CPU.Build.0 = Release|Any CPU
	EndGlobalSection
	GlobalSection(SolutionProperties) = preSolution
		HideSolutionNode = FALSE
	EndGlobalSection
	GlobalSection(ExtensibilityGlobals) = postSolution
		SolutionGuid = {E33CB7F8-718E-4ACE-956C-1FA64F5BCE5A}
	EndGlobalSection
EndGlobal
