
Microsoft Visual Studio Solution File, Format Version 12.00
# Visual Studio Version 16
VisualStudioVersion = 16.0.32929.386
MinimumVisualStudioVersion = 10.0.40219.1
Project("{FAE04EC0-301F-11D3-BF4B-00C04F79EFBC}") = "Aufgabe_7", "Aufgabe_7\Aufgabe_7.csproj", "{B28AA044-33A1-4276-B40A-9778022D18AD}"
EndProject
Global
	GlobalSection(SolutionConfigurationPlatforms) = preSolution
		Debug|Any CPU = Debug|Any CPU
		Release|Any CPU = Release|Any CPU
	EndGlobalSection
	GlobalSection(ProjectConfigurationPlatforms) = postSolution
		{B28AA044-33A1-4276-B40A-9778022D18AD}.Debug|Any CPU.ActiveCfg = Debug|Any CPU
		{B28AA044-33A1-4276-B40A-9778022D18AD}.Debug|Any CPU.Build.0 = Debug|Any CPU
		{B28AA044-33A1-4276-B40A-9778022D18AD}.Release|Any CPU.ActiveCfg = Release|Any CPU
		{B28AA044-33A1-4276-B40A-9778022D18AD}.Release|Any CPU.Build.0 = Release|Any CPU
	EndGlobalSection
	GlobalSection(SolutionProperties) = preSolution
		HideSolutionNode = FALSE
	EndGlobalSection
	GlobalSection(ExtensibilityGlobals) = postSolution
		SolutionGuid = {C570136F-8C3C-4C4B-8AC1-C360D8A8A35D}
	EndGlobalSection
EndGlobal
