
Microsoft Visual Studio Solution File, Format Version 12.00
# Visual Studio Version 16
VisualStudioVersion = 16.0.33130.400
MinimumVisualStudioVersion = 10.0.40219.1
Project("{FAE04EC0-301F-11D3-BF4B-00C04F79EFBC}") = "Zeitgeber", "Zeitgeber\Zeitgeber.csproj", "{AD0BADC5-D421-450B-9C1C-3D881672B67A}"
EndProject
Global
	GlobalSection(SolutionConfigurationPlatforms) = preSolution
		Debug|Any CPU = Debug|Any CPU
		Release|Any CPU = Release|Any CPU
	EndGlobalSection
	GlobalSection(ProjectConfigurationPlatforms) = postSolution
		{AD0BADC5-D421-450B-9C1C-3D881672B67A}.Debug|Any CPU.ActiveCfg = Debug|Any CPU
		{AD0BADC5-D421-450B-9C1C-3D881672B67A}.Debug|Any CPU.Build.0 = Debug|Any CPU
		{AD0BADC5-D421-450B-9C1C-3D881672B67A}.Release|Any CPU.ActiveCfg = Release|Any CPU
		{AD0BADC5-D421-450B-9C1C-3D881672B67A}.Release|Any CPU.Build.0 = Release|Any CPU
	EndGlobalSection
	GlobalSection(SolutionProperties) = preSolution
		HideSolutionNode = FALSE
	EndGlobalSection
	GlobalSection(ExtensibilityGlobals) = postSolution
		SolutionGuid = {B70A38AF-4C4D-490C-8806-9D9D63343C78}
	EndGlobalSection
EndGlobal
