
Microsoft Visual Studio Solution File, Format Version 12.00
# Visual Studio Version 16
VisualStudioVersion = 16.0.33130.400
MinimumVisualStudioVersion = 10.0.40219.1
Project("{FAE04EC0-301F-11D3-BF4B-00C04F79EFBC}") = "Aufgabe-7", "Aufgabe-7\Aufgabe-7.csproj", "{265E2936-9925-4F46-9615-AD6F8D8ECAAF}"
EndProject
Global
	GlobalSection(SolutionConfigurationPlatforms) = preSolution
		Debug|Any CPU = Debug|Any CPU
		Release|Any CPU = Release|Any CPU
	EndGlobalSection
	GlobalSection(ProjectConfigurationPlatforms) = postSolution
		{265E2936-9925-4F46-9615-AD6F8D8ECAAF}.Debug|Any CPU.ActiveCfg = Debug|Any CPU
		{265E2936-9925-4F46-9615-AD6F8D8ECAAF}.Debug|Any CPU.Build.0 = Debug|Any CPU
		{265E2936-9925-4F46-9615-AD6F8D8ECAAF}.Release|Any CPU.ActiveCfg = Release|Any CPU
		{265E2936-9925-4F46-9615-AD6F8D8ECAAF}.Release|Any CPU.Build.0 = Release|Any CPU
	EndGlobalSection
	GlobalSection(SolutionProperties) = preSolution
		HideSolutionNode = FALSE
	EndGlobalSection
	GlobalSection(ExtensibilityGlobals) = postSolution
		SolutionGuid = {40592504-2366-44D5-A718-770AA9CB1EC9}
	EndGlobalSection
EndGlobal
